// !$*UTF8*$!
{
	archiveVersion = 1;
	classes = {
	};
	objectVersion = 46;
	objects = {

/* Begin PBXBuildFile section */
		43741866170ADB2400D2BE51 /* Cocoa.framework in Frameworks */ = {isa = PBXBuildFile; fileRef = 43741865170ADB2400D2BE51 /* Cocoa.framework */; };
		43741906170ADE1100D2BE51 /* WebKit.framework in Frameworks */ = {isa = PBXBuildFile; fileRef = 43741905170ADE1000D2BE51 /* WebKit.framework */; };
		43741908170ADE1700D2BE51 /* Security.framework in Frameworks */ = {isa = PBXBuildFile; fileRef = 43741907170ADE1700D2BE51 /* Security.framework */; };
		745536E11ABED54000B0013D /* ENGCOAuth.h in Headers */ = {isa = PBXBuildFile; fileRef = 745536391ABED54000B0013D /* ENGCOAuth.h */; };
		745536E31ABED54000B0013D /* ENGCOAuth.m in Sources */ = {isa = PBXBuildFile; fileRef = 7455363A1ABED54000B0013D /* ENGCOAuth.m */; };
		745536E41ABED54000B0013D /* LICENSE in Resources */ = {isa = PBXBuildFile; fileRef = 7455363B1ABED54000B0013D /* LICENSE */; };
		745536E61ABED54000B0013D /* NSData+ENBase64.h in Headers */ = {isa = PBXBuildFile; fileRef = 7455363C1ABED54000B0013D /* NSData+ENBase64.h */; };
		745536E81ABED54000B0013D /* NSData+ENBase64.m in Sources */ = {isa = PBXBuildFile; fileRef = 7455363D1ABED54000B0013D /* NSData+ENBase64.m */; };
		745536EA1ABED54000B0013D /* KSForwardingWriter.h in Headers */ = {isa = PBXBuildFile; fileRef = 7455363F1ABED54000B0013D /* KSForwardingWriter.h */; };
		745536EC1ABED54000B0013D /* KSForwardingWriter.m in Sources */ = {isa = PBXBuildFile; fileRef = 745536401ABED54000B0013D /* KSForwardingWriter.m */; };
		745536EE1ABED54000B0013D /* KSHTMLWriter.h in Headers */ = {isa = PBXBuildFile; fileRef = 745536411ABED54000B0013D /* KSHTMLWriter.h */; };
		745536F01ABED54000B0013D /* KSHTMLWriter.m in Sources */ = {isa = PBXBuildFile; fileRef = 745536421ABED54000B0013D /* KSHTMLWriter.m */; };
		745536F21ABED54000B0013D /* KSWriter.h in Headers */ = {isa = PBXBuildFile; fileRef = 745536431ABED54000B0013D /* KSWriter.h */; };
		745536F41ABED54000B0013D /* KSWriter.m in Sources */ = {isa = PBXBuildFile; fileRef = 745536441ABED54000B0013D /* KSWriter.m */; };
		745536F61ABED54000B0013D /* KSXMLAttributes.h in Headers */ = {isa = PBXBuildFile; fileRef = 745536451ABED54000B0013D /* KSXMLAttributes.h */; };
		745536F81ABED54000B0013D /* KSXMLAttributes.m in Sources */ = {isa = PBXBuildFile; fileRef = 745536461ABED54000B0013D /* KSXMLAttributes.m */; };
		745536FA1ABED54000B0013D /* KSXMLWriter.h in Headers */ = {isa = PBXBuildFile; fileRef = 745536471ABED54000B0013D /* KSXMLWriter.h */; };
		745536FC1ABED54000B0013D /* KSXMLWriter.m in Sources */ = {isa = PBXBuildFile; fileRef = 745536481ABED54000B0013D /* KSXMLWriter.m */; };
		745536FD1ABED54000B0013D /* LICENSE.txt in Resources */ = {isa = PBXBuildFile; fileRef = 745536491ABED54000B0013D /* LICENSE.txt */; };
		745536FF1ABED54000B0013D /* NSString+XMLAdditions.h in Headers */ = {isa = PBXBuildFile; fileRef = 7455364A1ABED54000B0013D /* NSString+XMLAdditions.h */; };
		745537011ABED54000B0013D /* NSString+XMLAdditions.m in Sources */ = {isa = PBXBuildFile; fileRef = 7455364B1ABED54000B0013D /* NSString+XMLAdditions.m */; };
		745537021ABED54000B0013D /* LICENSE in Resources */ = {isa = PBXBuildFile; fileRef = 7455364D1ABED54000B0013D /* LICENSE */; };
		745537041ABED54000B0013D /* NSString+URLEncoding.h in Headers */ = {isa = PBXBuildFile; fileRef = 7455364E1ABED54000B0013D /* NSString+URLEncoding.h */; };
		745537061ABED54000B0013D /* NSString+URLEncoding.m in Sources */ = {isa = PBXBuildFile; fileRef = 7455364F1ABED54000B0013D /* NSString+URLEncoding.m */; };
		745537071ABED54000B0013D /* LICENSE in Resources */ = {isa = PBXBuildFile; fileRef = 745536511ABED54000B0013D /* LICENSE */; };
		745537091ABED54000B0013D /* SSKeychain.h in Headers */ = {isa = PBXBuildFile; fileRef = 745536521ABED54000B0013D /* SSKeychain.h */; };
		7455370B1ABED54000B0013D /* SSKeychain.m in Sources */ = {isa = PBXBuildFile; fileRef = 745536531ABED54000B0013D /* SSKeychain.m */; };
		7455370C1ABED54000B0013D /* LICENSE in Resources */ = {isa = PBXBuildFile; fileRef = 745536551ABED54000B0013D /* LICENSE */; };
		7455370E1ABED54000B0013D /* TBinaryProtocol.h in Headers */ = {isa = PBXBuildFile; fileRef = 745536571ABED54000B0013D /* TBinaryProtocol.h */; };
		745537101ABED54000B0013D /* TBinaryProtocol.m in Sources */ = {isa = PBXBuildFile; fileRef = 745536581ABED54000B0013D /* TBinaryProtocol.m */; settings = {COMPILER_FLAGS = "-fno-objc-arc"; }; };
		745537121ABED54000B0013D /* TProtocol.h in Headers */ = {isa = PBXBuildFile; fileRef = 745536591ABED54000B0013D /* TProtocol.h */; };
		745537141ABED54000B0013D /* TProtocolException.h in Headers */ = {isa = PBXBuildFile; fileRef = 7455365A1ABED54000B0013D /* TProtocolException.h */; };
		745537161ABED54000B0013D /* TProtocolException.m in Sources */ = {isa = PBXBuildFile; fileRef = 7455365B1ABED54000B0013D /* TProtocolException.m */; };
		745537181ABED54000B0013D /* TProtocolFactory.h in Headers */ = {isa = PBXBuildFile; fileRef = 7455365C1ABED54000B0013D /* TProtocolFactory.h */; };
		7455371A1ABED54000B0013D /* TProtocolUtil.h in Headers */ = {isa = PBXBuildFile; fileRef = 7455365D1ABED54000B0013D /* TProtocolUtil.h */; };
		7455371C1ABED54000B0013D /* TProtocolUtil.m in Sources */ = {isa = PBXBuildFile; fileRef = 7455365E1ABED54000B0013D /* TProtocolUtil.m */; };
		7455371E1ABED54000B0013D /* TApplicationException.h in Headers */ = {isa = PBXBuildFile; fileRef = 7455365F1ABED54000B0013D /* TApplicationException.h */; };
		745537201ABED54000B0013D /* TApplicationException.m in Sources */ = {isa = PBXBuildFile; fileRef = 745536601ABED54000B0013D /* TApplicationException.m */; settings = {COMPILER_FLAGS = "-fno-objc-arc"; }; };
		745537221ABED54000B0013D /* TException.h in Headers */ = {isa = PBXBuildFile; fileRef = 745536611ABED54000B0013D /* TException.h */; };
		745537241ABED54000B0013D /* TException.m in Sources */ = {isa = PBXBuildFile; fileRef = 745536621ABED54000B0013D /* TException.m */; };
		745537261ABED54000B0013D /* Thrift.h in Headers */ = {isa = PBXBuildFile; fileRef = 745536631ABED54000B0013D /* Thrift.h */; };
		745537281ABED54000B0013D /* TObjective-C.h in Headers */ = {isa = PBXBuildFile; fileRef = 745536641ABED54000B0013D /* TObjective-C.h */; };
		7455372A1ABED54000B0013D /* TProcessor.h in Headers */ = {isa = PBXBuildFile; fileRef = 745536651ABED54000B0013D /* TProcessor.h */; };
		7455372C1ABED54000B0013D /* TProcessorFactory.h in Headers */ = {isa = PBXBuildFile; fileRef = 745536661ABED54000B0013D /* TProcessorFactory.h */; };
		7455372E1ABED54000B0013D /* THTTPClient.h in Headers */ = {isa = PBXBuildFile; fileRef = 745536681ABED54000B0013D /* THTTPClient.h */; };
		745537301ABED54000B0013D /* THTTPClient.m in Sources */ = {isa = PBXBuildFile; fileRef = 745536691ABED54000B0013D /* THTTPClient.m */; settings = {COMPILER_FLAGS = "-fno-objc-arc"; }; };
		745537321ABED54000B0013D /* TMemoryBuffer.h in Headers */ = {isa = PBXBuildFile; fileRef = 7455366A1ABED54000B0013D /* TMemoryBuffer.h */; };
		745537341ABED54000B0013D /* TMemoryBuffer.m in Sources */ = {isa = PBXBuildFile; fileRef = 7455366B1ABED54000B0013D /* TMemoryBuffer.m */; settings = {COMPILER_FLAGS = "-fno-objc-arc"; }; };
		745537361ABED54000B0013D /* TTransport.h in Headers */ = {isa = PBXBuildFile; fileRef = 7455366C1ABED54000B0013D /* TTransport.h */; };
		745537381ABED54000B0013D /* TTransportException.h in Headers */ = {isa = PBXBuildFile; fileRef = 7455366D1ABED54000B0013D /* TTransportException.h */; };
		7455373A1ABED54000B0013D /* TTransportException.m in Sources */ = {isa = PBXBuildFile; fileRef = 7455366E1ABED54000B0013D /* TTransportException.m */; };
		7455373C1ABED54000B0013D /* EDAM.h in Headers */ = {isa = PBXBuildFile; fileRef = 745536701ABED54000B0013D /* EDAM.h */; };
		7455373E1ABED54000B0013D /* EDAMErrors.h in Headers */ = {isa = PBXBuildFile; fileRef = 745536711ABED54000B0013D /* EDAMErrors.h */; };
		745537401ABED54000B0013D /* EDAMErrors.m in Sources */ = {isa = PBXBuildFile; fileRef = 745536721ABED54000B0013D /* EDAMErrors.m */; };
		745537421ABED54000B0013D /* EDAMLimits.h in Headers */ = {isa = PBXBuildFile; fileRef = 745536731ABED54000B0013D /* EDAMLimits.h */; };
		745537441ABED54000B0013D /* EDAMLimits.m in Sources */ = {isa = PBXBuildFile; fileRef = 745536741ABED54000B0013D /* EDAMLimits.m */; };
		745537461ABED54000B0013D /* EDAMNoteStore.h in Headers */ = {isa = PBXBuildFile; fileRef = 745536751ABED54000B0013D /* EDAMNoteStore.h */; };
		745537481ABED54000B0013D /* EDAMNoteStore.m in Sources */ = {isa = PBXBuildFile; fileRef = 745536761ABED54000B0013D /* EDAMNoteStore.m */; };
		7455374A1ABED54000B0013D /* EDAMTypes.h in Headers */ = {isa = PBXBuildFile; fileRef = 745536771ABED54000B0013D /* EDAMTypes.h */; };
		7455374C1ABED54000B0013D /* EDAMTypes.m in Sources */ = {isa = PBXBuildFile; fileRef = 745536781ABED54000B0013D /* EDAMTypes.m */; };
		7455374E1ABED54000B0013D /* EDAMUserStore.h in Headers */ = {isa = PBXBuildFile; fileRef = 745536791ABED54000B0013D /* EDAMUserStore.h */; };
		745537501ABED54000B0013D /* EDAMUserStore.m in Sources */ = {isa = PBXBuildFile; fileRef = 7455367A1ABED54000B0013D /* EDAMUserStore.m */; };
		745537521ABED54000B0013D /* EDAMNoteStoreClient+Utilities.h in Headers */ = {isa = PBXBuildFile; fileRef = 7455367B1ABED54000B0013D /* EDAMNoteStoreClient+Utilities.h */; };
		745537541ABED54000B0013D /* EDAMNoteStoreClient+Utilities.m in Sources */ = {isa = PBXBuildFile; fileRef = 7455367C1ABED54000B0013D /* EDAMNoteStoreClient+Utilities.m */; };
		745537561ABED54000B0013D /* ENConstants.h in Headers */ = {isa = PBXBuildFile; fileRef = 7455367D1ABED54000B0013D /* ENConstants.h */; };
		745537581ABED54000B0013D /* ENConstants.m in Sources */ = {isa = PBXBuildFile; fileRef = 7455367E1ABED54000B0013D /* ENConstants.m */; };
		7455375A1ABED54000B0013D /* EvernoteNoteStore+Extras.h in Headers */ = {isa = PBXBuildFile; fileRef = 7455367F1ABED54000B0013D /* EvernoteNoteStore+Extras.h */; };
		7455375C1ABED54000B0013D /* EvernoteNoteStore+Extras.m in Sources */ = {isa = PBXBuildFile; fileRef = 745536801ABED54000B0013D /* EvernoteNoteStore+Extras.m */; };
		7455375E1ABED54000B0013D /* EvernoteNoteStore.h in Headers */ = {isa = PBXBuildFile; fileRef = 745536811ABED54000B0013D /* EvernoteNoteStore.h */; };
		745537601ABED54000B0013D /* EvernoteNoteStore.m in Sources */ = {isa = PBXBuildFile; fileRef = 745536821ABED54000B0013D /* EvernoteNoteStore.m */; };
		745537631ABED54000B0013D /* EvernoteSDK-Mac-Prefix.pch in Headers */ = {isa = PBXBuildFile; fileRef = 745536841ABED54000B0013D /* EvernoteSDK-Mac-Prefix.pch */; };
		745537671ABED54000B0013D /* EvernoteSDK.h in Headers */ = {isa = PBXBuildFile; fileRef = 745536861ABED54000B0013D /* EvernoteSDK.h */; };
		745537691ABED54000B0013D /* EvernoteSDK.m in Sources */ = {isa = PBXBuildFile; fileRef = 745536871ABED54000B0013D /* EvernoteSDK.m */; };
		7455376B1ABED54000B0013D /* EvernoteSession.h in Headers */ = {isa = PBXBuildFile; fileRef = 745536881ABED54000B0013D /* EvernoteSession.h */; };
		7455376D1ABED54000B0013D /* EvernoteSession.m in Sources */ = {isa = PBXBuildFile; fileRef = 745536891ABED54000B0013D /* EvernoteSession.m */; };
		7455376F1ABED54000B0013D /* EvernoteUserStore+Extras.h in Headers */ = {isa = PBXBuildFile; fileRef = 7455368A1ABED54000B0013D /* EvernoteUserStore+Extras.h */; };
		745537711ABED54000B0013D /* EvernoteUserStore+Extras.m in Sources */ = {isa = PBXBuildFile; fileRef = 7455368B1ABED54000B0013D /* EvernoteUserStore+Extras.m */; };
		745537731ABED54000B0013D /* EvernoteUserStore.h in Headers */ = {isa = PBXBuildFile; fileRef = 7455368C1ABED54000B0013D /* EvernoteUserStore.h */; };
		745537751ABED54000B0013D /* EvernoteUserStore.m in Sources */ = {isa = PBXBuildFile; fileRef = 7455368D1ABED54000B0013D /* EvernoteUserStore.m */; };
		745537771ABED54000B0013D /* ENApplicationBridge.h in Headers */ = {isa = PBXBuildFile; fileRef = 745536901ABED54000B0013D /* ENApplicationBridge.h */; };
		745537791ABED54000B0013D /* ENApplicationBridge.m in Sources */ = {isa = PBXBuildFile; fileRef = 745536911ABED54000B0013D /* ENApplicationBridge.m */; };
		7455377B1ABED54000B0013D /* ENApplicationBridge_Private.h in Headers */ = {isa = PBXBuildFile; fileRef = 745536921ABED54000B0013D /* ENApplicationBridge_Private.h */; };
		7455377D1ABED54000B0013D /* ENApplicationRequest.h in Headers */ = {isa = PBXBuildFile; fileRef = 745536931ABED54000B0013D /* ENApplicationRequest.h */; };
		7455377F1ABED54000B0013D /* ENAuthenticationRequest.h in Headers */ = {isa = PBXBuildFile; fileRef = 745536941ABED54000B0013D /* ENAuthenticationRequest.h */; };
		745537811ABED54000B0013D /* ENAuthenticationRequest.m in Sources */ = {isa = PBXBuildFile; fileRef = 745536951ABED54000B0013D /* ENAuthenticationRequest.m */; };
		745537831ABED54000B0013D /* ENLinkNotebookRequest.h in Headers */ = {isa = PBXBuildFile; fileRef = 745536961ABED54000B0013D /* ENLinkNotebookRequest.h */; };
		745537851ABED54000B0013D /* ENLinkNotebookRequest.m in Sources */ = {isa = PBXBuildFile; fileRef = 745536971ABED54000B0013D /* ENLinkNotebookRequest.m */; };
		745537871ABED54000B0013D /* ENNewNoteRequest.h in Headers */ = {isa = PBXBuildFile; fileRef = 745536981ABED54000B0013D /* ENNewNoteRequest.h */; };
		745537891ABED54000B0013D /* ENNewNoteRequest.m in Sources */ = {isa = PBXBuildFile; fileRef = 745536991ABED54000B0013D /* ENNewNoteRequest.m */; };
		7455378B1ABED54000B0013D /* ENNoteImportRequest.h in Headers */ = {isa = PBXBuildFile; fileRef = 7455369A1ABED54000B0013D /* ENNoteImportRequest.h */; };
		7455378D1ABED54000B0013D /* ENNoteImportRequest.m in Sources */ = {isa = PBXBuildFile; fileRef = 7455369B1ABED54000B0013D /* ENNoteImportRequest.m */; };
		7455378F1ABED54000B0013D /* ENNoteViewRequest.h in Headers */ = {isa = PBXBuildFile; fileRef = 7455369C1ABED54000B0013D /* ENNoteViewRequest.h */; };
		745537911ABED54000B0013D /* ENNoteViewRequest.m in Sources */ = {isa = PBXBuildFile; fileRef = 7455369D1ABED54000B0013D /* ENNoteViewRequest.m */; };
		745537931ABED54000B0013D /* ENResourceAttachment.h in Headers */ = {isa = PBXBuildFile; fileRef = 7455369E1ABED54000B0013D /* ENResourceAttachment.h */; };
		745537951ABED54000B0013D /* ENResourceAttachment.m in Sources */ = {isa = PBXBuildFile; fileRef = 7455369F1ABED54000B0013D /* ENResourceAttachment.m */; };
		745537971ABED54000B0013D /* ENSearchRequest.h in Headers */ = {isa = PBXBuildFile; fileRef = 745536A01ABED54000B0013D /* ENSearchRequest.h */; };
		745537991ABED54000B0013D /* ENSearchRequest.m in Sources */ = {isa = PBXBuildFile; fileRef = 745536A11ABED54000B0013D /* ENSearchRequest.m */; };
		7455379B1ABED54000B0013D /* EvernoteBridge.h in Headers */ = {isa = PBXBuildFile; fileRef = 745536A21ABED54000B0013D /* EvernoteBridge.h */; };
		7455379D1ABED54000B0013D /* ENAPI.h in Headers */ = {isa = PBXBuildFile; fileRef = 745536A31ABED54000B0013D /* ENAPI.h */; };
		7455379F1ABED54000B0013D /* ENAPI.m in Sources */ = {isa = PBXBuildFile; fileRef = 745536A41ABED54000B0013D /* ENAPI.m */; };
		745537A11ABED54000B0013D /* ENCredentials.h in Headers */ = {isa = PBXBuildFile; fileRef = 745536A51ABED54000B0013D /* ENCredentials.h */; };
		745537A31ABED54000B0013D /* ENCredentials.m in Sources */ = {isa = PBXBuildFile; fileRef = 745536A61ABED54000B0013D /* ENCredentials.m */; };
		745537A51ABED54000B0013D /* ENCredentialStore.h in Headers */ = {isa = PBXBuildFile; fileRef = 745536A71ABED54000B0013D /* ENCredentialStore.h */; };
		745537A71ABED54000B0013D /* ENCredentialStore.m in Sources */ = {isa = PBXBuildFile; fileRef = 745536A81ABED54000B0013D /* ENCredentialStore.m */; };
		745537A91ABED54000B0013D /* ENOAuthProtocol.h in Headers */ = {isa = PBXBuildFile; fileRef = 745536A91ABED54000B0013D /* ENOAuthProtocol.h */; };
		745537AF1ABED54000B0013D /* ENOAuthWindowController.h in Headers */ = {isa = PBXBuildFile; fileRef = 745536AC1ABED54000B0013D /* ENOAuthWindowController.h */; };
		745537B11ABED54000B0013D /* ENOAuthWindowController.m in Sources */ = {isa = PBXBuildFile; fileRef = 745536AD1ABED54000B0013D /* ENOAuthWindowController.m */; };
		745537B21ABED54000B0013D /* ENOAuthWindowController.xib in Resources */ = {isa = PBXBuildFile; fileRef = 745536AE1ABED54000B0013D /* ENOAuthWindowController.xib */; };
		745537B31ABED54000B0013D /* EvernoteSDK.strings in Resources */ = {isa = PBXBuildFile; fileRef = 745536B01ABED54000B0013D /* EvernoteSDK.strings */; };
		745537B51ABED54000B0013D /* ENMLUtility.h in Headers */ = {isa = PBXBuildFile; fileRef = 745536B21ABED54000B0013D /* ENMLUtility.h */; };
		745537B71ABED54000B0013D /* ENMLUtility.m in Sources */ = {isa = PBXBuildFile; fileRef = 745536B31ABED54000B0013D /* ENMLUtility.m */; };
		745537B91ABED54000B0013D /* NSData+EvernoteSDK.h in Headers */ = {isa = PBXBuildFile; fileRef = 745536B41ABED54000B0013D /* NSData+EvernoteSDK.h */; };
		745537BB1ABED54000B0013D /* NSData+EvernoteSDK.m in Sources */ = {isa = PBXBuildFile; fileRef = 745536B51ABED54000B0013D /* NSData+EvernoteSDK.m */; };
		745537BD1ABED54000B0013D /* NSDataBase64Additions.h in Headers */ = {isa = PBXBuildFile; fileRef = 745536B61ABED54000B0013D /* NSDataBase64Additions.h */; };
		745537BF1ABED54000B0013D /* NSDataBase64Additions.m in Sources */ = {isa = PBXBuildFile; fileRef = 745536B71ABED54000B0013D /* NSDataBase64Additions.m */; };
		745537C11ABED54000B0013D /* NSDate+EDAMAdditions.h in Headers */ = {isa = PBXBuildFile; fileRef = 745536B81ABED54000B0013D /* NSDate+EDAMAdditions.h */; };
		745537C31ABED54000B0013D /* NSDate+EDAMAdditions.m in Sources */ = {isa = PBXBuildFile; fileRef = 745536B91ABED54000B0013D /* NSDate+EDAMAdditions.m */; };
		7455380B1ABED55300B0013D /* ENAFURLConnectionOperation.h in Headers */ = {isa = PBXBuildFile; fileRef = 745538081ABED55300B0013D /* ENAFURLConnectionOperation.h */; };
		7455380D1ABED55300B0013D /* ENAFURLConnectionOperation.m in Sources */ = {isa = PBXBuildFile; fileRef = 745538091ABED55300B0013D /* ENAFURLConnectionOperation.m */; };
/* End PBXBuildFile section */

/* Begin PBXFileReference section */
		0BB3D1B01524ED96001C4534 /* Foundation.framework */ = {isa = PBXFileReference; lastKnownFileType = wrapper.framework; name = Foundation.framework; path = System/Library/Frameworks/Foundation.framework; sourceTree = SDKROOT; };
		0BB3D2501524EEF3001C4534 /* CoreGraphics.framework */ = {isa = PBXFileReference; lastKnownFileType = wrapper.framework; name = CoreGraphics.framework; path = System/Library/Frameworks/CoreGraphics.framework; sourceTree = SDKROOT; };
		0BBA34A71537B09300DC7DD5 /* LICENSE */ = {isa = PBXFileReference; fileEncoding = 4; lastKnownFileType = text; path = LICENSE; sourceTree = SOURCE_ROOT; };
		0BDBBC441550A11A003E6681 /* SenTestingKit.framework */ = {isa = PBXFileReference; lastKnownFileType = wrapper.framework; name = SenTestingKit.framework; path = Library/Frameworks/SenTestingKit.framework; sourceTree = DEVELOPER_DIR; };
		0BF0CF84152E2601003D6115 /* Security.framework */ = {isa = PBXFileReference; lastKnownFileType = wrapper.framework; name = Security.framework; path = System/Library/Frameworks/Security.framework; sourceTree = SDKROOT; };
		43741864170ADB2400D2BE51 /* EvernoteSDK-Mac.framework */ = {isa = PBXFileReference; explicitFileType = wrapper.framework; includeInIndex = 0; path = "EvernoteSDK-Mac.framework"; sourceTree = BUILT_PRODUCTS_DIR; };
		43741865170ADB2400D2BE51 /* Cocoa.framework */ = {isa = PBXFileReference; lastKnownFileType = wrapper.framework; name = Cocoa.framework; path = Library/Frameworks/Cocoa.framework; sourceTree = DEVELOPER_DIR; };
		43741868170ADB2400D2BE51 /* AppKit.framework */ = {isa = PBXFileReference; lastKnownFileType = wrapper.framework; name = AppKit.framework; path = Library/Frameworks/AppKit.framework; sourceTree = SDKROOT; };
		43741869170ADB2400D2BE51 /* CoreData.framework */ = {isa = PBXFileReference; lastKnownFileType = wrapper.framework; name = CoreData.framework; path = Library/Frameworks/CoreData.framework; sourceTree = SDKROOT; };
		4374186A170ADB2400D2BE51 /* Foundation.framework */ = {isa = PBXFileReference; lastKnownFileType = wrapper.framework; name = Foundation.framework; path = Library/Frameworks/Foundation.framework; sourceTree = SDKROOT; };
		43741905170ADE1000D2BE51 /* WebKit.framework */ = {isa = PBXFileReference; lastKnownFileType = wrapper.framework; name = WebKit.framework; path = Platforms/MacOSX.platform/Developer/SDKs/MacOSX10.8.sdk/System/Library/Frameworks/WebKit.framework; sourceTree = DEVELOPER_DIR; };
		43741907170ADE1700D2BE51 /* Security.framework */ = {isa = PBXFileReference; lastKnownFileType = wrapper.framework; name = Security.framework; path = Platforms/MacOSX.platform/Developer/SDKs/MacOSX10.8.sdk/System/Library/Frameworks/Security.framework; sourceTree = DEVELOPER_DIR; };
		745536391ABED54000B0013D /* ENGCOAuth.h */ = {isa = PBXFileReference; fileEncoding = 4; lastKnownFileType = sourcecode.c.h; path = ENGCOAuth.h; sourceTree = "<group>"; };
		7455363A1ABED54000B0013D /* ENGCOAuth.m */ = {isa = PBXFileReference; fileEncoding = 4; lastKnownFileType = sourcecode.c.objc; path = ENGCOAuth.m; sourceTree = "<group>"; };
		7455363B1ABED54000B0013D /* LICENSE */ = {isa = PBXFileReference; fileEncoding = 4; lastKnownFileType = text; path = LICENSE; sourceTree = "<group>"; };
		7455363C1ABED54000B0013D /* NSData+ENBase64.h */ = {isa = PBXFileReference; fileEncoding = 4; lastKnownFileType = sourcecode.c.h; path = "NSData+ENBase64.h"; sourceTree = "<group>"; };
		7455363D1ABED54000B0013D /* NSData+ENBase64.m */ = {isa = PBXFileReference; fileEncoding = 4; lastKnownFileType = sourcecode.c.objc; path = "NSData+ENBase64.m"; sourceTree = "<group>"; };
		7455363F1ABED54000B0013D /* KSForwardingWriter.h */ = {isa = PBXFileReference; fileEncoding = 4; lastKnownFileType = sourcecode.c.h; path = KSForwardingWriter.h; sourceTree = "<group>"; };
		745536401ABED54000B0013D /* KSForwardingWriter.m */ = {isa = PBXFileReference; fileEncoding = 4; lastKnownFileType = sourcecode.c.objc; path = KSForwardingWriter.m; sourceTree = "<group>"; };
		745536411ABED54000B0013D /* KSHTMLWriter.h */ = {isa = PBXFileReference; fileEncoding = 4; lastKnownFileType = sourcecode.c.h; path = KSHTMLWriter.h; sourceTree = "<group>"; };
		745536421ABED54000B0013D /* KSHTMLWriter.m */ = {isa = PBXFileReference; fileEncoding = 4; lastKnownFileType = sourcecode.c.objc; path = KSHTMLWriter.m; sourceTree = "<group>"; };
		745536431ABED54000B0013D /* KSWriter.h */ = {isa = PBXFileReference; fileEncoding = 4; lastKnownFileType = sourcecode.c.h; path = KSWriter.h; sourceTree = "<group>"; };
		745536441ABED54000B0013D /* KSWriter.m */ = {isa = PBXFileReference; fileEncoding = 4; lastKnownFileType = sourcecode.c.objc; path = KSWriter.m; sourceTree = "<group>"; };
		745536451ABED54000B0013D /* KSXMLAttributes.h */ = {isa = PBXFileReference; fileEncoding = 4; lastKnownFileType = sourcecode.c.h; path = KSXMLAttributes.h; sourceTree = "<group>"; };
		745536461ABED54000B0013D /* KSXMLAttributes.m */ = {isa = PBXFileReference; fileEncoding = 4; lastKnownFileType = sourcecode.c.objc; path = KSXMLAttributes.m; sourceTree = "<group>"; };
		745536471ABED54000B0013D /* KSXMLWriter.h */ = {isa = PBXFileReference; fileEncoding = 4; lastKnownFileType = sourcecode.c.h; path = KSXMLWriter.h; sourceTree = "<group>"; };
		745536481ABED54000B0013D /* KSXMLWriter.m */ = {isa = PBXFileReference; fileEncoding = 4; lastKnownFileType = sourcecode.c.objc; path = KSXMLWriter.m; sourceTree = "<group>"; };
		745536491ABED54000B0013D /* LICENSE.txt */ = {isa = PBXFileReference; fileEncoding = 4; lastKnownFileType = text; path = LICENSE.txt; sourceTree = "<group>"; };
		7455364A1ABED54000B0013D /* NSString+XMLAdditions.h */ = {isa = PBXFileReference; fileEncoding = 4; lastKnownFileType = sourcecode.c.h; path = "NSString+XMLAdditions.h"; sourceTree = "<group>"; };
		7455364B1ABED54000B0013D /* NSString+XMLAdditions.m */ = {isa = PBXFileReference; fileEncoding = 4; lastKnownFileType = sourcecode.c.objc; path = "NSString+XMLAdditions.m"; sourceTree = "<group>"; };
		7455364D1ABED54000B0013D /* LICENSE */ = {isa = PBXFileReference; fileEncoding = 4; lastKnownFileType = text; path = LICENSE; sourceTree = "<group>"; };
		7455364E1ABED54000B0013D /* NSString+URLEncoding.h */ = {isa = PBXFileReference; fileEncoding = 4; lastKnownFileType = sourcecode.c.h; path = "NSString+URLEncoding.h"; sourceTree = "<group>"; };
		7455364F1ABED54000B0013D /* NSString+URLEncoding.m */ = {isa = PBXFileReference; fileEncoding = 4; lastKnownFileType = sourcecode.c.objc; path = "NSString+URLEncoding.m"; sourceTree = "<group>"; };
		745536511ABED54000B0013D /* LICENSE */ = {isa = PBXFileReference; fileEncoding = 4; lastKnownFileType = text; path = LICENSE; sourceTree = "<group>"; };
		745536521ABED54000B0013D /* SSKeychain.h */ = {isa = PBXFileReference; fileEncoding = 4; lastKnownFileType = sourcecode.c.h; path = SSKeychain.h; sourceTree = "<group>"; };
		745536531ABED54000B0013D /* SSKeychain.m */ = {isa = PBXFileReference; fileEncoding = 4; lastKnownFileType = sourcecode.c.objc; path = SSKeychain.m; sourceTree = "<group>"; };
		745536551ABED54000B0013D /* LICENSE */ = {isa = PBXFileReference; fileEncoding = 4; lastKnownFileType = text; path = LICENSE; sourceTree = "<group>"; };
		745536571ABED54000B0013D /* TBinaryProtocol.h */ = {isa = PBXFileReference; fileEncoding = 4; lastKnownFileType = sourcecode.c.h; path = TBinaryProtocol.h; sourceTree = "<group>"; };
		745536581ABED54000B0013D /* TBinaryProtocol.m */ = {isa = PBXFileReference; fileEncoding = 4; lastKnownFileType = sourcecode.c.objc; path = TBinaryProtocol.m; sourceTree = "<group>"; };
		745536591ABED54000B0013D /* TProtocol.h */ = {isa = PBXFileReference; fileEncoding = 4; lastKnownFileType = sourcecode.c.h; path = TProtocol.h; sourceTree = "<group>"; };
		7455365A1ABED54000B0013D /* TProtocolException.h */ = {isa = PBXFileReference; fileEncoding = 4; lastKnownFileType = sourcecode.c.h; path = TProtocolException.h; sourceTree = "<group>"; };
		7455365B1ABED54000B0013D /* TProtocolException.m */ = {isa = PBXFileReference; fileEncoding = 4; lastKnownFileType = sourcecode.c.objc; path = TProtocolException.m; sourceTree = "<group>"; };
		7455365C1ABED54000B0013D /* TProtocolFactory.h */ = {isa = PBXFileReference; fileEncoding = 4; lastKnownFileType = sourcecode.c.h; path = TProtocolFactory.h; sourceTree = "<group>"; };
		7455365D1ABED54000B0013D /* TProtocolUtil.h */ = {isa = PBXFileReference; fileEncoding = 4; lastKnownFileType = sourcecode.c.h; path = TProtocolUtil.h; sourceTree = "<group>"; };
		7455365E1ABED54000B0013D /* TProtocolUtil.m */ = {isa = PBXFileReference; fileEncoding = 4; lastKnownFileType = sourcecode.c.objc; path = TProtocolUtil.m; sourceTree = "<group>"; };
		7455365F1ABED54000B0013D /* TApplicationException.h */ = {isa = PBXFileReference; fileEncoding = 4; lastKnownFileType = sourcecode.c.h; path = TApplicationException.h; sourceTree = "<group>"; };
		745536601ABED54000B0013D /* TApplicationException.m */ = {isa = PBXFileReference; fileEncoding = 4; lastKnownFileType = sourcecode.c.objc; path = TApplicationException.m; sourceTree = "<group>"; };
		745536611ABED54000B0013D /* TException.h */ = {isa = PBXFileReference; fileEncoding = 4; lastKnownFileType = sourcecode.c.h; path = TException.h; sourceTree = "<group>"; };
		745536621ABED54000B0013D /* TException.m */ = {isa = PBXFileReference; fileEncoding = 4; lastKnownFileType = sourcecode.c.objc; path = TException.m; sourceTree = "<group>"; };
		745536631ABED54000B0013D /* Thrift.h */ = {isa = PBXFileReference; fileEncoding = 4; lastKnownFileType = sourcecode.c.h; path = Thrift.h; sourceTree = "<group>"; };
		745536641ABED54000B0013D /* TObjective-C.h */ = {isa = PBXFileReference; fileEncoding = 4; lastKnownFileType = sourcecode.c.h; path = "TObjective-C.h"; sourceTree = "<group>"; };
		745536651ABED54000B0013D /* TProcessor.h */ = {isa = PBXFileReference; fileEncoding = 4; lastKnownFileType = sourcecode.c.h; path = TProcessor.h; sourceTree = "<group>"; };
		745536661ABED54000B0013D /* TProcessorFactory.h */ = {isa = PBXFileReference; fileEncoding = 4; lastKnownFileType = sourcecode.c.h; path = TProcessorFactory.h; sourceTree = "<group>"; };
		745536681ABED54000B0013D /* THTTPClient.h */ = {isa = PBXFileReference; fileEncoding = 4; lastKnownFileType = sourcecode.c.h; path = THTTPClient.h; sourceTree = "<group>"; };
		745536691ABED54000B0013D /* THTTPClient.m */ = {isa = PBXFileReference; fileEncoding = 4; lastKnownFileType = sourcecode.c.objc; path = THTTPClient.m; sourceTree = "<group>"; };
		7455366A1ABED54000B0013D /* TMemoryBuffer.h */ = {isa = PBXFileReference; fileEncoding = 4; lastKnownFileType = sourcecode.c.h; path = TMemoryBuffer.h; sourceTree = "<group>"; };
		7455366B1ABED54000B0013D /* TMemoryBuffer.m */ = {isa = PBXFileReference; fileEncoding = 4; lastKnownFileType = sourcecode.c.objc; path = TMemoryBuffer.m; sourceTree = "<group>"; };
		7455366C1ABED54000B0013D /* TTransport.h */ = {isa = PBXFileReference; fileEncoding = 4; lastKnownFileType = sourcecode.c.h; path = TTransport.h; sourceTree = "<group>"; };
		7455366D1ABED54000B0013D /* TTransportException.h */ = {isa = PBXFileReference; fileEncoding = 4; lastKnownFileType = sourcecode.c.h; path = TTransportException.h; sourceTree = "<group>"; };
		7455366E1ABED54000B0013D /* TTransportException.m */ = {isa = PBXFileReference; fileEncoding = 4; lastKnownFileType = sourcecode.c.objc; path = TTransportException.m; sourceTree = "<group>"; };
		745536701ABED54000B0013D /* EDAM.h */ = {isa = PBXFileReference; fileEncoding = 4; lastKnownFileType = sourcecode.c.h; path = EDAM.h; sourceTree = "<group>"; };
		745536711ABED54000B0013D /* EDAMErrors.h */ = {isa = PBXFileReference; fileEncoding = 4; lastKnownFileType = sourcecode.c.h; path = EDAMErrors.h; sourceTree = "<group>"; };
		745536721ABED54000B0013D /* EDAMErrors.m */ = {isa = PBXFileReference; fileEncoding = 4; lastKnownFileType = sourcecode.c.objc; path = EDAMErrors.m; sourceTree = "<group>"; };
		745536731ABED54000B0013D /* EDAMLimits.h */ = {isa = PBXFileReference; fileEncoding = 4; lastKnownFileType = sourcecode.c.h; path = EDAMLimits.h; sourceTree = "<group>"; };
		745536741ABED54000B0013D /* EDAMLimits.m */ = {isa = PBXFileReference; fileEncoding = 4; lastKnownFileType = sourcecode.c.objc; path = EDAMLimits.m; sourceTree = "<group>"; };
		745536751ABED54000B0013D /* EDAMNoteStore.h */ = {isa = PBXFileReference; fileEncoding = 4; lastKnownFileType = sourcecode.c.h; path = EDAMNoteStore.h; sourceTree = "<group>"; };
		745536761ABED54000B0013D /* EDAMNoteStore.m */ = {isa = PBXFileReference; fileEncoding = 4; lastKnownFileType = sourcecode.c.objc; path = EDAMNoteStore.m; sourceTree = "<group>"; };
		745536771ABED54000B0013D /* EDAMTypes.h */ = {isa = PBXFileReference; fileEncoding = 4; lastKnownFileType = sourcecode.c.h; path = EDAMTypes.h; sourceTree = "<group>"; };
		745536781ABED54000B0013D /* EDAMTypes.m */ = {isa = PBXFileReference; fileEncoding = 4; lastKnownFileType = sourcecode.c.objc; path = EDAMTypes.m; sourceTree = "<group>"; };
		745536791ABED54000B0013D /* EDAMUserStore.h */ = {isa = PBXFileReference; fileEncoding = 4; lastKnownFileType = sourcecode.c.h; path = EDAMUserStore.h; sourceTree = "<group>"; };
		7455367A1ABED54000B0013D /* EDAMUserStore.m */ = {isa = PBXFileReference; fileEncoding = 4; lastKnownFileType = sourcecode.c.objc; path = EDAMUserStore.m; sourceTree = "<group>"; };
		7455367B1ABED54000B0013D /* EDAMNoteStoreClient+Utilities.h */ = {isa = PBXFileReference; fileEncoding = 4; lastKnownFileType = sourcecode.c.h; path = "EDAMNoteStoreClient+Utilities.h"; sourceTree = "<group>"; };
		7455367C1ABED54000B0013D /* EDAMNoteStoreClient+Utilities.m */ = {isa = PBXFileReference; fileEncoding = 4; lastKnownFileType = sourcecode.c.objc; path = "EDAMNoteStoreClient+Utilities.m"; sourceTree = "<group>"; };
		7455367D1ABED54000B0013D /* ENConstants.h */ = {isa = PBXFileReference; fileEncoding = 4; lastKnownFileType = sourcecode.c.h; path = ENConstants.h; sourceTree = "<group>"; };
		7455367E1ABED54000B0013D /* ENConstants.m */ = {isa = PBXFileReference; fileEncoding = 4; lastKnownFileType = sourcecode.c.objc; path = ENConstants.m; sourceTree = "<group>"; };
		7455367F1ABED54000B0013D /* EvernoteNoteStore+Extras.h */ = {isa = PBXFileReference; fileEncoding = 4; lastKnownFileType = sourcecode.c.h; path = "EvernoteNoteStore+Extras.h"; sourceTree = "<group>"; };
		745536801ABED54000B0013D /* EvernoteNoteStore+Extras.m */ = {isa = PBXFileReference; fileEncoding = 4; lastKnownFileType = sourcecode.c.objc; path = "EvernoteNoteStore+Extras.m"; sourceTree = "<group>"; };
		745536811ABED54000B0013D /* EvernoteNoteStore.h */ = {isa = PBXFileReference; fileEncoding = 4; lastKnownFileType = sourcecode.c.h; path = EvernoteNoteStore.h; sourceTree = "<group>"; };
		745536821ABED54000B0013D /* EvernoteNoteStore.m */ = {isa = PBXFileReference; fileEncoding = 4; lastKnownFileType = sourcecode.c.objc; path = EvernoteNoteStore.m; sourceTree = "<group>"; };
		745536831ABED54000B0013D /* EvernoteSDK-Mac-Info.plist */ = {isa = PBXFileReference; fileEncoding = 4; lastKnownFileType = text.plist.xml; path = "EvernoteSDK-Mac-Info.plist"; sourceTree = "<group>"; };
		745536841ABED54000B0013D /* EvernoteSDK-Mac-Prefix.pch */ = {isa = PBXFileReference; fileEncoding = 4; lastKnownFileType = sourcecode.c.h; path = "EvernoteSDK-Mac-Prefix.pch"; sourceTree = "<group>"; };
		745536861ABED54000B0013D /* EvernoteSDK.h */ = {isa = PBXFileReference; fileEncoding = 4; lastKnownFileType = sourcecode.c.h; path = EvernoteSDK.h; sourceTree = "<group>"; };
		745536871ABED54000B0013D /* EvernoteSDK.m */ = {isa = PBXFileReference; fileEncoding = 4; lastKnownFileType = sourcecode.c.objc; path = EvernoteSDK.m; sourceTree = "<group>"; };
		745536881ABED54000B0013D /* EvernoteSession.h */ = {isa = PBXFileReference; fileEncoding = 4; lastKnownFileType = sourcecode.c.h; path = EvernoteSession.h; sourceTree = "<group>"; };
		745536891ABED54000B0013D /* EvernoteSession.m */ = {isa = PBXFileReference; fileEncoding = 4; lastKnownFileType = sourcecode.c.objc; path = EvernoteSession.m; sourceTree = "<group>"; };
		7455368A1ABED54000B0013D /* EvernoteUserStore+Extras.h */ = {isa = PBXFileReference; fileEncoding = 4; lastKnownFileType = sourcecode.c.h; path = "EvernoteUserStore+Extras.h"; sourceTree = "<group>"; };
		7455368B1ABED54000B0013D /* EvernoteUserStore+Extras.m */ = {isa = PBXFileReference; fileEncoding = 4; lastKnownFileType = sourcecode.c.objc; path = "EvernoteUserStore+Extras.m"; sourceTree = "<group>"; };
		7455368C1ABED54000B0013D /* EvernoteUserStore.h */ = {isa = PBXFileReference; fileEncoding = 4; lastKnownFileType = sourcecode.c.h; path = EvernoteUserStore.h; sourceTree = "<group>"; };
		7455368D1ABED54000B0013D /* EvernoteUserStore.m */ = {isa = PBXFileReference; fileEncoding = 4; lastKnownFileType = sourcecode.c.objc; path = EvernoteUserStore.m; sourceTree = "<group>"; };
		745536901ABED54000B0013D /* ENApplicationBridge.h */ = {isa = PBXFileReference; fileEncoding = 4; lastKnownFileType = sourcecode.c.h; path = ENApplicationBridge.h; sourceTree = "<group>"; };
		745536911ABED54000B0013D /* ENApplicationBridge.m */ = {isa = PBXFileReference; fileEncoding = 4; lastKnownFileType = sourcecode.c.objc; path = ENApplicationBridge.m; sourceTree = "<group>"; };
		745536921ABED54000B0013D /* ENApplicationBridge_Private.h */ = {isa = PBXFileReference; fileEncoding = 4; lastKnownFileType = sourcecode.c.h; path = ENApplicationBridge_Private.h; sourceTree = "<group>"; };
		745536931ABED54000B0013D /* ENApplicationRequest.h */ = {isa = PBXFileReference; fileEncoding = 4; lastKnownFileType = sourcecode.c.h; path = ENApplicationRequest.h; sourceTree = "<group>"; };
		745536941ABED54000B0013D /* ENAuthenticationRequest.h */ = {isa = PBXFileReference; fileEncoding = 4; lastKnownFileType = sourcecode.c.h; path = ENAuthenticationRequest.h; sourceTree = "<group>"; };
		745536951ABED54000B0013D /* ENAuthenticationRequest.m */ = {isa = PBXFileReference; fileEncoding = 4; lastKnownFileType = sourcecode.c.objc; path = ENAuthenticationRequest.m; sourceTree = "<group>"; };
		745536961ABED54000B0013D /* ENLinkNotebookRequest.h */ = {isa = PBXFileReference; fileEncoding = 4; lastKnownFileType = sourcecode.c.h; path = ENLinkNotebookRequest.h; sourceTree = "<group>"; };
		745536971ABED54000B0013D /* ENLinkNotebookRequest.m */ = {isa = PBXFileReference; fileEncoding = 4; lastKnownFileType = sourcecode.c.objc; path = ENLinkNotebookRequest.m; sourceTree = "<group>"; };
		745536981ABED54000B0013D /* ENNewNoteRequest.h */ = {isa = PBXFileReference; fileEncoding = 4; lastKnownFileType = sourcecode.c.h; path = ENNewNoteRequest.h; sourceTree = "<group>"; };
		745536991ABED54000B0013D /* ENNewNoteRequest.m */ = {isa = PBXFileReference; fileEncoding = 4; lastKnownFileType = sourcecode.c.objc; path = ENNewNoteRequest.m; sourceTree = "<group>"; };
		7455369A1ABED54000B0013D /* ENNoteImportRequest.h */ = {isa = PBXFileReference; fileEncoding = 4; lastKnownFileType = sourcecode.c.h; path = ENNoteImportRequest.h; sourceTree = "<group>"; };
		7455369B1ABED54000B0013D /* ENNoteImportRequest.m */ = {isa = PBXFileReference; fileEncoding = 4; lastKnownFileType = sourcecode.c.objc; path = ENNoteImportRequest.m; sourceTree = "<group>"; };
		7455369C1ABED54000B0013D /* ENNoteViewRequest.h */ = {isa = PBXFileReference; fileEncoding = 4; lastKnownFileType = sourcecode.c.h; path = ENNoteViewRequest.h; sourceTree = "<group>"; };
		7455369D1ABED54000B0013D /* ENNoteViewRequest.m */ = {isa = PBXFileReference; fileEncoding = 4; lastKnownFileType = sourcecode.c.objc; path = ENNoteViewRequest.m; sourceTree = "<group>"; };
		7455369E1ABED54000B0013D /* ENResourceAttachment.h */ = {isa = PBXFileReference; fileEncoding = 4; lastKnownFileType = sourcecode.c.h; path = ENResourceAttachment.h; sourceTree = "<group>"; };
		7455369F1ABED54000B0013D /* ENResourceAttachment.m */ = {isa = PBXFileReference; fileEncoding = 4; lastKnownFileType = sourcecode.c.objc; path = ENResourceAttachment.m; sourceTree = "<group>"; };
		745536A01ABED54000B0013D /* ENSearchRequest.h */ = {isa = PBXFileReference; fileEncoding = 4; lastKnownFileType = sourcecode.c.h; path = ENSearchRequest.h; sourceTree = "<group>"; };
		745536A11ABED54000B0013D /* ENSearchRequest.m */ = {isa = PBXFileReference; fileEncoding = 4; lastKnownFileType = sourcecode.c.objc; path = ENSearchRequest.m; sourceTree = "<group>"; };
		745536A21ABED54000B0013D /* EvernoteBridge.h */ = {isa = PBXFileReference; fileEncoding = 4; lastKnownFileType = sourcecode.c.h; path = EvernoteBridge.h; sourceTree = "<group>"; };
		745536A31ABED54000B0013D /* ENAPI.h */ = {isa = PBXFileReference; fileEncoding = 4; lastKnownFileType = sourcecode.c.h; path = ENAPI.h; sourceTree = "<group>"; };
		745536A41ABED54000B0013D /* ENAPI.m */ = {isa = PBXFileReference; fileEncoding = 4; lastKnownFileType = sourcecode.c.objc; path = ENAPI.m; sourceTree = "<group>"; };
		745536A51ABED54000B0013D /* ENCredentials.h */ = {isa = PBXFileReference; fileEncoding = 4; lastKnownFileType = sourcecode.c.h; path = ENCredentials.h; sourceTree = "<group>"; };
		745536A61ABED54000B0013D /* ENCredentials.m */ = {isa = PBXFileReference; fileEncoding = 4; lastKnownFileType = sourcecode.c.objc; path = ENCredentials.m; sourceTree = "<group>"; };
		745536A71ABED54000B0013D /* ENCredentialStore.h */ = {isa = PBXFileReference; fileEncoding = 4; lastKnownFileType = sourcecode.c.h; path = ENCredentialStore.h; sourceTree = "<group>"; };
		745536A81ABED54000B0013D /* ENCredentialStore.m */ = {isa = PBXFileReference; fileEncoding = 4; lastKnownFileType = sourcecode.c.objc; path = ENCredentialStore.m; sourceTree = "<group>"; };
		745536A91ABED54000B0013D /* ENOAuthProtocol.h */ = {isa = PBXFileReference; fileEncoding = 4; lastKnownFileType = sourcecode.c.h; path = ENOAuthProtocol.h; sourceTree = "<group>"; };
		745536AC1ABED54000B0013D /* ENOAuthWindowController.h */ = {isa = PBXFileReference; fileEncoding = 4; lastKnownFileType = sourcecode.c.h; path = ENOAuthWindowController.h; sourceTree = "<group>"; };
		745536AD1ABED54000B0013D /* ENOAuthWindowController.m */ = {isa = PBXFileReference; fileEncoding = 4; lastKnownFileType = sourcecode.c.objc; path = ENOAuthWindowController.m; sourceTree = "<group>"; };
		745536AE1ABED54000B0013D /* ENOAuthWindowController.xib */ = {isa = PBXFileReference; fileEncoding = 4; lastKnownFileType = file.xib; path = ENOAuthWindowController.xib; sourceTree = "<group>"; };
		745536B01ABED54000B0013D /* EvernoteSDK.strings */ = {isa = PBXFileReference; fileEncoding = 4; lastKnownFileType = text.plist.strings; path = EvernoteSDK.strings; sourceTree = "<group>"; };
		745536B21ABED54000B0013D /* ENMLUtility.h */ = {isa = PBXFileReference; fileEncoding = 4; lastKnownFileType = sourcecode.c.h; path = ENMLUtility.h; sourceTree = "<group>"; };
		745536B31ABED54000B0013D /* ENMLUtility.m */ = {isa = PBXFileReference; fileEncoding = 4; lastKnownFileType = sourcecode.c.objc; path = ENMLUtility.m; sourceTree = "<group>"; };
		745536B41ABED54000B0013D /* NSData+EvernoteSDK.h */ = {isa = PBXFileReference; fileEncoding = 4; lastKnownFileType = sourcecode.c.h; path = "NSData+EvernoteSDK.h"; sourceTree = "<group>"; };
		745536B51ABED54000B0013D /* NSData+EvernoteSDK.m */ = {isa = PBXFileReference; fileEncoding = 4; lastKnownFileType = sourcecode.c.objc; path = "NSData+EvernoteSDK.m"; sourceTree = "<group>"; };
		745536B61ABED54000B0013D /* NSDataBase64Additions.h */ = {isa = PBXFileReference; fileEncoding = 4; lastKnownFileType = sourcecode.c.h; path = NSDataBase64Additions.h; sourceTree = "<group>"; };
		745536B71ABED54000B0013D /* NSDataBase64Additions.m */ = {isa = PBXFileReference; fileEncoding = 4; lastKnownFileType = sourcecode.c.objc; path = NSDataBase64Additions.m; sourceTree = "<group>"; };
		745536B81ABED54000B0013D /* NSDate+EDAMAdditions.h */ = {isa = PBXFileReference; fileEncoding = 4; lastKnownFileType = sourcecode.c.h; path = "NSDate+EDAMAdditions.h"; sourceTree = "<group>"; };
		745536B91ABED54000B0013D /* NSDate+EDAMAdditions.m */ = {isa = PBXFileReference; fileEncoding = 4; lastKnownFileType = sourcecode.c.objc; path = "NSDate+EDAMAdditions.m"; sourceTree = "<group>"; };
		745538081ABED55300B0013D /* ENAFURLConnectionOperation.h */ = {isa = PBXFileReference; fileEncoding = 4; lastKnownFileType = sourcecode.c.h; path = ENAFURLConnectionOperation.h; sourceTree = "<group>"; };
		745538091ABED55300B0013D /* ENAFURLConnectionOperation.m */ = {isa = PBXFileReference; fileEncoding = 4; lastKnownFileType = sourcecode.c.objc; path = ENAFURLConnectionOperation.m; sourceTree = "<group>"; };
		A9B1E82616C1E73900D54760 /* StoreKit.framework */ = {isa = PBXFileReference; lastKnownFileType = wrapper.framework; name = StoreKit.framework; path = System/Library/Frameworks/StoreKit.framework; sourceTree = SDKROOT; };
/* End PBXFileReference section */

/* Begin PBXFrameworksBuildPhase section */
		43741860170ADB2400D2BE51 /* Frameworks */ = {
			isa = PBXFrameworksBuildPhase;
			buildActionMask = 2147483647;
			files = (
				43741908170ADE1700D2BE51 /* Security.framework in Frameworks */,
				43741906170ADE1100D2BE51 /* WebKit.framework in Frameworks */,
				43741866170ADB2400D2BE51 /* Cocoa.framework in Frameworks */,
			);
			runOnlyForDeploymentPostprocessing = 0;
		};
/* End PBXFrameworksBuildPhase section */

/* Begin PBXGroup section */
		0BB3D1A21524ED96001C4534 = {
			isa = PBXGroup;
			children = (
				0BB3D1B21524ED96001C4534 /* EvernoteSDK */,
				0BB3D1AF1524ED96001C4534 /* Frameworks */,
				0BB3D1AE1524ED96001C4534 /* Products */,
			);
			indentWidth = 4;
			sourceTree = "<group>";
			tabWidth = 4;
			usesTabs = 0;
		};
		0BB3D1AE1524ED96001C4534 /* Products */ = {
			isa = PBXGroup;
			children = (
				43741864170ADB2400D2BE51 /* EvernoteSDK-Mac.framework */,
			);
			name = Products;
			sourceTree = "<group>";
		};
		0BB3D1AF1524ED96001C4534 /* Frameworks */ = {
			isa = PBXGroup;
			children = (
				43741865170ADB2400D2BE51 /* Cocoa.framework */,
				0BB3D2501524EEF3001C4534 /* CoreGraphics.framework */,
				0BB3D1B01524ED96001C4534 /* Foundation.framework */,
				43741867170ADB2400D2BE51 /* Other Frameworks */,
				43741907170ADE1700D2BE51 /* Security.framework */,
				0BF0CF84152E2601003D6115 /* Security.framework */,
				0BDBBC441550A11A003E6681 /* SenTestingKit.framework */,
				A9B1E82616C1E73900D54760 /* StoreKit.framework */,
				43741905170ADE1000D2BE51 /* WebKit.framework */,
			);
			name = Frameworks;
			sourceTree = "<group>";
		};
		0BB3D1B21524ED96001C4534 /* EvernoteSDK */ = {
			isa = PBXGroup;
			children = (
				745538061ABED55300B0013D /* nonarc */,
				745536351ABED54000B0013D /* arc */,
				0BBA34A71537B09300DC7DD5 /* LICENSE */,
			);
			path = EvernoteSDK;
			sourceTree = "<group>";
		};
		43741867170ADB2400D2BE51 /* Other Frameworks */ = {
			isa = PBXGroup;
			children = (
				43741868170ADB2400D2BE51 /* AppKit.framework */,
				43741869170ADB2400D2BE51 /* CoreData.framework */,
				4374186A170ADB2400D2BE51 /* Foundation.framework */,
			);
			name = "Other Frameworks";
			sourceTree = "<group>";
		};
		745536351ABED54000B0013D /* arc */ = {
			isa = PBXGroup;
			children = (
				745536361ABED54000B0013D /* EvernoteSDK */,
			);
			path = arc;
			sourceTree = SOURCE_ROOT;
		};
		745536361ABED54000B0013D /* EvernoteSDK */ = {
			isa = PBXGroup;
			children = (
				745536371ABED54000B0013D /* 3rdParty */,
				7455366F1ABED54000B0013D /* EDAM */,
				7455367B1ABED54000B0013D /* EDAMNoteStoreClient+Utilities.h */,
				7455367C1ABED54000B0013D /* EDAMNoteStoreClient+Utilities.m */,
				7455367D1ABED54000B0013D /* ENConstants.h */,
				7455367E1ABED54000B0013D /* ENConstants.m */,
				7455367F1ABED54000B0013D /* EvernoteNoteStore+Extras.h */,
				745536801ABED54000B0013D /* EvernoteNoteStore+Extras.m */,
				745536811ABED54000B0013D /* EvernoteNoteStore.h */,
				745536821ABED54000B0013D /* EvernoteNoteStore.m */,
				745536831ABED54000B0013D /* EvernoteSDK-Mac-Info.plist */,
				745536841ABED54000B0013D /* EvernoteSDK-Mac-Prefix.pch */,
				745536861ABED54000B0013D /* EvernoteSDK.h */,
				745536871ABED54000B0013D /* EvernoteSDK.m */,
				745536881ABED54000B0013D /* EvernoteSession.h */,
				745536891ABED54000B0013D /* EvernoteSession.m */,
				7455368A1ABED54000B0013D /* EvernoteUserStore+Extras.h */,
				7455368B1ABED54000B0013D /* EvernoteUserStore+Extras.m */,
				7455368C1ABED54000B0013D /* EvernoteUserStore.h */,
				7455368D1ABED54000B0013D /* EvernoteUserStore.m */,
				7455368E1ABED54000B0013D /* internal */,
				745536B11ABED54000B0013D /* Utilities */,
			);
			path = EvernoteSDK;
			sourceTree = "<group>";
		};
		745536371ABED54000B0013D /* 3rdParty */ = {
			isa = PBXGroup;
			children = (
				745536381ABED54000B0013D /* cocoa-oauth */,
				7455363E1ABED54000B0013D /* KSHTMLWriter */,
				7455364C1ABED54000B0013D /* NSString+URLEncoding */,
				745536501ABED54000B0013D /* SSKeychain */,
				745536541ABED54000B0013D /* Thrift */,
			);
			path = 3rdParty;
			sourceTree = "<group>";
		};
		745536381ABED54000B0013D /* cocoa-oauth */ = {
			isa = PBXGroup;
			children = (
				745536391ABED54000B0013D /* ENGCOAuth.h */,
				7455363A1ABED54000B0013D /* ENGCOAuth.m */,
				7455363B1ABED54000B0013D /* LICENSE */,
				7455363C1ABED54000B0013D /* NSData+ENBase64.h */,
				7455363D1ABED54000B0013D /* NSData+ENBase64.m */,
			);
			path = "cocoa-oauth";
			sourceTree = "<group>";
		};
		7455363E1ABED54000B0013D /* KSHTMLWriter */ = {
			isa = PBXGroup;
			children = (
				7455363F1ABED54000B0013D /* KSForwardingWriter.h */,
				745536401ABED54000B0013D /* KSForwardingWriter.m */,
				745536411ABED54000B0013D /* KSHTMLWriter.h */,
				745536421ABED54000B0013D /* KSHTMLWriter.m */,
				745536431ABED54000B0013D /* KSWriter.h */,
				745536441ABED54000B0013D /* KSWriter.m */,
				745536451ABED54000B0013D /* KSXMLAttributes.h */,
				745536461ABED54000B0013D /* KSXMLAttributes.m */,
				745536471ABED54000B0013D /* KSXMLWriter.h */,
				745536481ABED54000B0013D /* KSXMLWriter.m */,
				745536491ABED54000B0013D /* LICENSE.txt */,
				7455364A1ABED54000B0013D /* NSString+XMLAdditions.h */,
				7455364B1ABED54000B0013D /* NSString+XMLAdditions.m */,
			);
			path = KSHTMLWriter;
			sourceTree = "<group>";
		};
		7455364C1ABED54000B0013D /* NSString+URLEncoding */ = {
			isa = PBXGroup;
			children = (
				7455364D1ABED54000B0013D /* LICENSE */,
				7455364E1ABED54000B0013D /* NSString+URLEncoding.h */,
				7455364F1ABED54000B0013D /* NSString+URLEncoding.m */,
			);
			path = "NSString+URLEncoding";
			sourceTree = "<group>";
		};
		745536501ABED54000B0013D /* SSKeychain */ = {
			isa = PBXGroup;
			children = (
				745536511ABED54000B0013D /* LICENSE */,
				745536521ABED54000B0013D /* SSKeychain.h */,
				745536531ABED54000B0013D /* SSKeychain.m */,
			);
			path = SSKeychain;
			sourceTree = "<group>";
		};
		745536541ABED54000B0013D /* Thrift */ = {
			isa = PBXGroup;
			children = (
				745536551ABED54000B0013D /* LICENSE */,
				745536561ABED54000B0013D /* protocol */,
				7455365F1ABED54000B0013D /* TApplicationException.h */,
				745536601ABED54000B0013D /* TApplicationException.m */,
				745536611ABED54000B0013D /* TException.h */,
				745536621ABED54000B0013D /* TException.m */,
				745536631ABED54000B0013D /* Thrift.h */,
				745536641ABED54000B0013D /* TObjective-C.h */,
				745536651ABED54000B0013D /* TProcessor.h */,
				745536661ABED54000B0013D /* TProcessorFactory.h */,
				745536671ABED54000B0013D /* transport */,
			);
			path = Thrift;
			sourceTree = "<group>";
		};
		745536561ABED54000B0013D /* protocol */ = {
			isa = PBXGroup;
			children = (
				745536571ABED54000B0013D /* TBinaryProtocol.h */,
				745536581ABED54000B0013D /* TBinaryProtocol.m */,
				745536591ABED54000B0013D /* TProtocol.h */,
				7455365A1ABED54000B0013D /* TProtocolException.h */,
				7455365B1ABED54000B0013D /* TProtocolException.m */,
				7455365C1ABED54000B0013D /* TProtocolFactory.h */,
				7455365D1ABED54000B0013D /* TProtocolUtil.h */,
				7455365E1ABED54000B0013D /* TProtocolUtil.m */,
			);
			path = protocol;
			sourceTree = "<group>";
		};
		745536671ABED54000B0013D /* transport */ = {
			isa = PBXGroup;
			children = (
				745536681ABED54000B0013D /* THTTPClient.h */,
				745536691ABED54000B0013D /* THTTPClient.m */,
				7455366A1ABED54000B0013D /* TMemoryBuffer.h */,
				7455366B1ABED54000B0013D /* TMemoryBuffer.m */,
				7455366C1ABED54000B0013D /* TTransport.h */,
				7455366D1ABED54000B0013D /* TTransportException.h */,
				7455366E1ABED54000B0013D /* TTransportException.m */,
			);
			path = transport;
			sourceTree = "<group>";
		};
		7455366F1ABED54000B0013D /* EDAM */ = {
			isa = PBXGroup;
			children = (
				745536701ABED54000B0013D /* EDAM.h */,
				745536711ABED54000B0013D /* EDAMErrors.h */,
				745536721ABED54000B0013D /* EDAMErrors.m */,
				745536731ABED54000B0013D /* EDAMLimits.h */,
				745536741ABED54000B0013D /* EDAMLimits.m */,
				745536751ABED54000B0013D /* EDAMNoteStore.h */,
				745536761ABED54000B0013D /* EDAMNoteStore.m */,
				745536771ABED54000B0013D /* EDAMTypes.h */,
				745536781ABED54000B0013D /* EDAMTypes.m */,
				745536791ABED54000B0013D /* EDAMUserStore.h */,
				7455367A1ABED54000B0013D /* EDAMUserStore.m */,
			);
			path = EDAM;
			sourceTree = "<group>";
		};
		7455368E1ABED54000B0013D /* internal */ = {
			isa = PBXGroup;
			children = (
				7455368F1ABED54000B0013D /* Bridge */,
				745536A31ABED54000B0013D /* ENAPI.h */,
				745536A41ABED54000B0013D /* ENAPI.m */,
				745536A51ABED54000B0013D /* ENCredentials.h */,
				745536A61ABED54000B0013D /* ENCredentials.m */,
				745536A71ABED54000B0013D /* ENCredentialStore.h */,
				745536A81ABED54000B0013D /* ENCredentialStore.m */,
				745536A91ABED54000B0013D /* ENOAuthProtocol.h */,
				745536AC1ABED54000B0013D /* ENOAuthWindowController.h */,
				745536AD1ABED54000B0013D /* ENOAuthWindowController.m */,
				745536AE1ABED54000B0013D /* ENOAuthWindowController.xib */,
				745536AF1ABED54000B0013D /* Resources */,
			);
			path = internal;
			sourceTree = "<group>";
		};
		7455368F1ABED54000B0013D /* Bridge */ = {
			isa = PBXGroup;
			children = (
				745536901ABED54000B0013D /* ENApplicationBridge.h */,
				745536911ABED54000B0013D /* ENApplicationBridge.m */,
				745536921ABED54000B0013D /* ENApplicationBridge_Private.h */,
				745536931ABED54000B0013D /* ENApplicationRequest.h */,
				745536941ABED54000B0013D /* ENAuthenticationRequest.h */,
				745536951ABED54000B0013D /* ENAuthenticationRequest.m */,
				745536961ABED54000B0013D /* ENLinkNotebookRequest.h */,
				745536971ABED54000B0013D /* ENLinkNotebookRequest.m */,
				745536981ABED54000B0013D /* ENNewNoteRequest.h */,
				745536991ABED54000B0013D /* ENNewNoteRequest.m */,
				7455369A1ABED54000B0013D /* ENNoteImportRequest.h */,
				7455369B1ABED54000B0013D /* ENNoteImportRequest.m */,
				7455369C1ABED54000B0013D /* ENNoteViewRequest.h */,
				7455369D1ABED54000B0013D /* ENNoteViewRequest.m */,
				7455369E1ABED54000B0013D /* ENResourceAttachment.h */,
				7455369F1ABED54000B0013D /* ENResourceAttachment.m */,
				745536A01ABED54000B0013D /* ENSearchRequest.h */,
				745536A11ABED54000B0013D /* ENSearchRequest.m */,
				745536A21ABED54000B0013D /* EvernoteBridge.h */,
			);
			path = Bridge;
			sourceTree = "<group>";
		};
		745536AF1ABED54000B0013D /* Resources */ = {
			isa = PBXGroup;
			children = (
				745536B01ABED54000B0013D /* EvernoteSDK.strings */,
			);
			path = Resources;
			sourceTree = "<group>";
		};
		745536B11ABED54000B0013D /* Utilities */ = {
			isa = PBXGroup;
			children = (
				745536B21ABED54000B0013D /* ENMLUtility.h */,
				745536B31ABED54000B0013D /* ENMLUtility.m */,
				745536B41ABED54000B0013D /* NSData+EvernoteSDK.h */,
				745536B51ABED54000B0013D /* NSData+EvernoteSDK.m */,
				745536B61ABED54000B0013D /* NSDataBase64Additions.h */,
				745536B71ABED54000B0013D /* NSDataBase64Additions.m */,
				745536B81ABED54000B0013D /* NSDate+EDAMAdditions.h */,
				745536B91ABED54000B0013D /* NSDate+EDAMAdditions.m */,
			);
			path = Utilities;
			sourceTree = "<group>";
		};
		745538061ABED55300B0013D /* nonarc */ = {
			isa = PBXGroup;
			children = (
				745538071ABED55300B0013D /* AFNetworking */,
			);
			path = nonarc;
			sourceTree = SOURCE_ROOT;
		};
		745538071ABED55300B0013D /* AFNetworking */ = {
			isa = PBXGroup;
			children = (
				745538081ABED55300B0013D /* ENAFURLConnectionOperation.h */,
				745538091ABED55300B0013D /* ENAFURLConnectionOperation.m */,
			);
			path = AFNetworking;
			sourceTree = "<group>";
		};
/* End PBXGroup section */

/* Begin PBXHeadersBuildPhase section */
		43741861170ADB2400D2BE51 /* Headers */ = {
			isa = PBXHeadersBuildPhase;
			buildActionMask = 2147483647;
			files = (
				7455377D1ABED54000B0013D /* ENApplicationRequest.h in Headers */,
				7455372C1ABED54000B0013D /* TProcessorFactory.h in Headers */,
				7455376B1ABED54000B0013D /* EvernoteSession.h in Headers */,
				745536FF1ABED54000B0013D /* NSString+XMLAdditions.h in Headers */,
				7455375E1ABED54000B0013D /* EvernoteNoteStore.h in Headers */,
				745537971ABED54000B0013D /* ENSearchRequest.h in Headers */,
				745537C11ABED54000B0013D /* NSDate+EDAMAdditions.h in Headers */,
				7455370E1ABED54000B0013D /* TBinaryProtocol.h in Headers */,
				7455374A1ABED54000B0013D /* EDAMTypes.h in Headers */,
				7455376F1ABED54000B0013D /* EvernoteUserStore+Extras.h in Headers */,
				745537361ABED54000B0013D /* TTransport.h in Headers */,
				7455378F1ABED54000B0013D /* ENNoteViewRequest.h in Headers */,
				745537BD1ABED54000B0013D /* NSDataBase64Additions.h in Headers */,
				745536F21ABED54000B0013D /* KSWriter.h in Headers */,
				745537221ABED54000B0013D /* TException.h in Headers */,
				745537831ABED54000B0013D /* ENLinkNotebookRequest.h in Headers */,
				745536F61ABED54000B0013D /* KSXMLAttributes.h in Headers */,
				7455371E1ABED54000B0013D /* TApplicationException.h in Headers */,
				745536FA1ABED54000B0013D /* KSXMLWriter.h in Headers */,
				7455371A1ABED54000B0013D /* TProtocolUtil.h in Headers */,
				7455379D1ABED54000B0013D /* ENAPI.h in Headers */,
				745537091ABED54000B0013D /* SSKeychain.h in Headers */,
				745537281ABED54000B0013D /* TObjective-C.h in Headers */,
				745537181ABED54000B0013D /* TProtocolFactory.h in Headers */,
				7455373C1ABED54000B0013D /* EDAM.h in Headers */,
				7455379B1ABED54000B0013D /* EvernoteBridge.h in Headers */,
				745537871ABED54000B0013D /* ENNewNoteRequest.h in Headers */,
				7455374E1ABED54000B0013D /* EDAMUserStore.h in Headers */,
				745536EE1ABED54000B0013D /* KSHTMLWriter.h in Headers */,
				7455378B1ABED54000B0013D /* ENNoteImportRequest.h in Headers */,
				7455377F1ABED54000B0013D /* ENAuthenticationRequest.h in Headers */,
				745537AF1ABED54000B0013D /* ENOAuthWindowController.h in Headers */,
				745537B51ABED54000B0013D /* ENMLUtility.h in Headers */,
				745537381ABED54000B0013D /* TTransportException.h in Headers */,
				745537261ABED54000B0013D /* Thrift.h in Headers */,
				7455377B1ABED54000B0013D /* ENApplicationBridge_Private.h in Headers */,
				7455373E1ABED54000B0013D /* EDAMErrors.h in Headers */,
				745537041ABED54000B0013D /* NSString+URLEncoding.h in Headers */,
				745537771ABED54000B0013D /* ENApplicationBridge.h in Headers */,
				745537521ABED54000B0013D /* EDAMNoteStoreClient+Utilities.h in Headers */,
				745537421ABED54000B0013D /* EDAMLimits.h in Headers */,
				745537671ABED54000B0013D /* EvernoteSDK.h in Headers */,
				7455372A1ABED54000B0013D /* TProcessor.h in Headers */,
				745536EA1ABED54000B0013D /* KSForwardingWriter.h in Headers */,
				745537561ABED54000B0013D /* ENConstants.h in Headers */,
				745536E11ABED54000B0013D /* ENGCOAuth.h in Headers */,
				745537461ABED54000B0013D /* EDAMNoteStore.h in Headers */,
				745537A11ABED54000B0013D /* ENCredentials.h in Headers */,
				745537A51ABED54000B0013D /* ENCredentialStore.h in Headers */,
				7455372E1ABED54000B0013D /* THTTPClient.h in Headers */,
				745537731ABED54000B0013D /* EvernoteUserStore.h in Headers */,
				745536E61ABED54000B0013D /* NSData+ENBase64.h in Headers */,
				745537141ABED54000B0013D /* TProtocolException.h in Headers */,
				7455375A1ABED54000B0013D /* EvernoteNoteStore+Extras.h in Headers */,
				745537321ABED54000B0013D /* TMemoryBuffer.h in Headers */,
				745537631ABED54000B0013D /* EvernoteSDK-Mac-Prefix.pch in Headers */,
				745537A91ABED54000B0013D /* ENOAuthProtocol.h in Headers */,
				7455380B1ABED55300B0013D /* ENAFURLConnectionOperation.h in Headers */,
				745537931ABED54000B0013D /* ENResourceAttachment.h in Headers */,
				745537B91ABED54000B0013D /* NSData+EvernoteSDK.h in Headers */,
				745537121ABED54000B0013D /* TProtocol.h in Headers */,
			);
			runOnlyForDeploymentPostprocessing = 0;
		};
/* End PBXHeadersBuildPhase section */

/* Begin PBXNativeTarget section */
		43741863170ADB2400D2BE51 /* EvernoteSDK-Mac */ = {
			isa = PBXNativeTarget;
			buildConfigurationList = 43741875170ADB2400D2BE51 /* Build configuration list for PBXNativeTarget "EvernoteSDK-Mac" */;
			buildPhases = (
				4374185F170ADB2400D2BE51 /* Sources */,
				43741860170ADB2400D2BE51 /* Frameworks */,
				43741861170ADB2400D2BE51 /* Headers */,
				43741862170ADB2400D2BE51 /* Resources */,
			);
			buildRules = (
			);
			dependencies = (
			);
			name = "EvernoteSDK-Mac";
			productName = "EvernoteSDK-Mac";
			productReference = 43741864170ADB2400D2BE51 /* EvernoteSDK-Mac.framework */;
			productType = "com.apple.product-type.framework";
		};
/* End PBXNativeTarget section */

/* Begin PBXProject section */
		0BB3D1A41524ED96001C4534 /* Project object */ = {
			isa = PBXProject;
			attributes = {
				LastTestingUpgradeCheck = 0620;
				LastUpgradeCheck = 0620;
				ORGANIZATIONNAME = n/a;
			};
			buildConfigurationList = 0BB3D1A71524ED96001C4534 /* Build configuration list for PBXProject "EvernoteSDK" */;
			compatibilityVersion = "Xcode 3.2";
			developmentRegion = English;
			hasScannedForEncodings = 0;
			knownRegions = (
				en,
				"zh-cn",
			);
			mainGroup = 0BB3D1A21524ED96001C4534;
			productRefGroup = 0BB3D1AE1524ED96001C4534 /* Products */;
			projectDirPath = "";
			projectRoot = "";
			targets = (
				43741863170ADB2400D2BE51 /* EvernoteSDK-Mac */,
			);
		};
/* End PBXProject section */

/* Begin PBXResourcesBuildPhase section */
		43741862170ADB2400D2BE51 /* Resources */ = {
			isa = PBXResourcesBuildPhase;
			buildActionMask = 2147483647;
			files = (
				745537021ABED54000B0013D /* LICENSE in Resources */,
				745537B21ABED54000B0013D /* ENOAuthWindowController.xib in Resources */,
				745536FD1ABED54000B0013D /* LICENSE.txt in Resources */,
				745537071ABED54000B0013D /* LICENSE in Resources */,
				745537B31ABED54000B0013D /* EvernoteSDK.strings in Resources */,
				745536E41ABED54000B0013D /* LICENSE in Resources */,
				7455370C1ABED54000B0013D /* LICENSE in Resources */,
			);
			runOnlyForDeploymentPostprocessing = 0;
		};
/* End PBXResourcesBuildPhase section */

/* Begin PBXSourcesBuildPhase section */
		4374185F170ADB2400D2BE51 /* Sources */ = {
			isa = PBXSourcesBuildPhase;
			buildActionMask = 2147483647;
			files = (
				7455375C1ABED54000B0013D /* EvernoteNoteStore+Extras.m in Sources */,
				745537BB1ABED54000B0013D /* NSData+EvernoteSDK.m in Sources */,
				745537061ABED54000B0013D /* NSString+URLEncoding.m in Sources */,
				745537341ABED54000B0013D /* TMemoryBuffer.m in Sources */,
				745537541ABED54000B0013D /* EDAMNoteStoreClient+Utilities.m in Sources */,
				745537791ABED54000B0013D /* ENApplicationBridge.m in Sources */,
				745537751ABED54000B0013D /* EvernoteUserStore.m in Sources */,
				745537A31ABED54000B0013D /* ENCredentials.m in Sources */,
				745536F41ABED54000B0013D /* KSWriter.m in Sources */,
				745536E81ABED54000B0013D /* NSData+ENBase64.m in Sources */,
				7455380D1ABED55300B0013D /* ENAFURLConnectionOperation.m in Sources */,
				745536F01ABED54000B0013D /* KSHTMLWriter.m in Sources */,
				7455378D1ABED54000B0013D /* ENNoteImportRequest.m in Sources */,
				745537B71ABED54000B0013D /* ENMLUtility.m in Sources */,
				745536FC1ABED54000B0013D /* KSXMLWriter.m in Sources */,
				745536EC1ABED54000B0013D /* KSForwardingWriter.m in Sources */,
				745537A71ABED54000B0013D /* ENCredentialStore.m in Sources */,
				745537011ABED54000B0013D /* NSString+XMLAdditions.m in Sources */,
				745537691ABED54000B0013D /* EvernoteSDK.m in Sources */,
				745537991ABED54000B0013D /* ENSearchRequest.m in Sources */,
				7455379F1ABED54000B0013D /* ENAPI.m in Sources */,
				745537851ABED54000B0013D /* ENLinkNotebookRequest.m in Sources */,
				745537BF1ABED54000B0013D /* NSDataBase64Additions.m in Sources */,
				745537711ABED54000B0013D /* EvernoteUserStore+Extras.m in Sources */,
				745537201ABED54000B0013D /* TApplicationException.m in Sources */,
				745536F81ABED54000B0013D /* KSXMLAttributes.m in Sources */,
				7455374C1ABED54000B0013D /* EDAMTypes.m in Sources */,
				745537161ABED54000B0013D /* TProtocolException.m in Sources */,
				745537101ABED54000B0013D /* TBinaryProtocol.m in Sources */,
				745537301ABED54000B0013D /* THTTPClient.m in Sources */,
				745536E31ABED54000B0013D /* ENGCOAuth.m in Sources */,
				745537481ABED54000B0013D /* EDAMNoteStore.m in Sources */,
				745537911ABED54000B0013D /* ENNoteViewRequest.m in Sources */,
				745537C31ABED54000B0013D /* NSDate+EDAMAdditions.m in Sources */,
				745537601ABED54000B0013D /* EvernoteNoteStore.m in Sources */,
				745537401ABED54000B0013D /* EDAMErrors.m in Sources */,
				7455373A1ABED54000B0013D /* TTransportException.m in Sources */,
				745537441ABED54000B0013D /* EDAMLimits.m in Sources */,
				7455376D1ABED54000B0013D /* EvernoteSession.m in Sources */,
				7455371C1ABED54000B0013D /* TProtocolUtil.m in Sources */,
				745537891ABED54000B0013D /* ENNewNoteRequest.m in Sources */,
				745537241ABED54000B0013D /* TException.m in Sources */,
				745537951ABED54000B0013D /* ENResourceAttachment.m in Sources */,
				745537501ABED54000B0013D /* EDAMUserStore.m in Sources */,
				745537B11ABED54000B0013D /* ENOAuthWindowController.m in Sources */,
				7455370B1ABED54000B0013D /* SSKeychain.m in Sources */,
				745537811ABED54000B0013D /* ENAuthenticationRequest.m in Sources */,
				745537581ABED54000B0013D /* ENConstants.m in Sources */,
			);
			runOnlyForDeploymentPostprocessing = 0;
		};
/* End PBXSourcesBuildPhase section */

/* Begin XCBuildConfiguration section */
		0BB3D1B81524ED96001C4534 /* Debug */ = {
			isa = XCBuildConfiguration;
			buildSettings = {
				ALWAYS_SEARCH_USER_PATHS = NO;
				ARCHS = "$(NATIVE_ARCH_ACTUAL)";
				CLANG_WARN_BOOL_CONVERSION = YES;
				CLANG_WARN_CONSTANT_CONVERSION = YES;
				CLANG_WARN_EMPTY_BODY = YES;
				CLANG_WARN_ENUM_CONVERSION = YES;
				CLANG_WARN_INT_CONVERSION = YES;
				CLANG_WARN_UNREACHABLE_CODE = YES;
				CLANG_WARN__DUPLICATE_METHOD_MATCH = YES;
				COPY_PHASE_STRIP = NO;
				ENABLE_STRICT_OBJC_MSGSEND = YES;
				GCC_C_LANGUAGE_STANDARD = gnu99;
				GCC_DYNAMIC_NO_PIC = NO;
				GCC_OPTIMIZATION_LEVEL = 0;
				GCC_PREPROCESSOR_DEFINITIONS = (
					"DEBUG=1",
					"$(inherited)",
				);
				GCC_SYMBOLS_PRIVATE_EXTERN = NO;
				GCC_VERSION = com.apple.compilers.llvm.clang.1_0;
				GCC_WARN_64_TO_32_BIT_CONVERSION = YES;
				GCC_WARN_ABOUT_MISSING_FIELD_INITIALIZERS = YES;
				GCC_WARN_ABOUT_MISSING_NEWLINE = YES;
				GCC_WARN_ABOUT_RETURN_TYPE = YES;
				GCC_WARN_CHECK_SWITCH_STATEMENTS = YES;
				GCC_WARN_INITIALIZER_NOT_FULLY_BRACKETED = YES;
				GCC_WARN_MISSING_PARENTHESES = YES;
				GCC_WARN_SHADOW = YES;
				GCC_WARN_SIGN_COMPARE = YES;
				GCC_WARN_TYPECHECK_CALLS_TO_PRINTF = YES;
				GCC_WARN_UNDECLARED_SELECTOR = YES;
				GCC_WARN_UNINITIALIZED_AUTOS = YES;
				GCC_WARN_UNUSED_FUNCTION = YES;
				GCC_WARN_UNUSED_LABEL = YES;
				GCC_WARN_UNUSED_VALUE = YES;
				GCC_WARN_UNUSED_VARIABLE = YES;
				MACOSX_DEPLOYMENT_TARGET = 10.9;
				ONLY_ACTIVE_ARCH = YES;
				RUN_CLANG_STATIC_ANALYZER = YES;
				SDKROOT = macosx10.9;
				VALID_ARCHS = "";
				"VALID_ARCHS[sdk=*]" = x86_64;
			};
			name = Debug;
		};
		0BB3D1B91524ED96001C4534 /* Release */ = {
			isa = XCBuildConfiguration;
			buildSettings = {
				ALWAYS_SEARCH_USER_PATHS = NO;
				ARCHS = "$(NATIVE_ARCH_ACTUAL)";
				CLANG_WARN_BOOL_CONVERSION = YES;
				CLANG_WARN_CONSTANT_CONVERSION = YES;
				CLANG_WARN_EMPTY_BODY = YES;
				CLANG_WARN_ENUM_CONVERSION = YES;
				CLANG_WARN_INT_CONVERSION = YES;
				CLANG_WARN_UNREACHABLE_CODE = YES;
				CLANG_WARN__DUPLICATE_METHOD_MATCH = YES;
				COPY_PHASE_STRIP = YES;
				ENABLE_STRICT_OBJC_MSGSEND = YES;
				GCC_C_LANGUAGE_STANDARD = gnu99;
				GCC_VERSION = com.apple.compilers.llvm.clang.1_0;
				GCC_WARN_64_TO_32_BIT_CONVERSION = YES;
				GCC_WARN_ABOUT_MISSING_FIELD_INITIALIZERS = YES;
				GCC_WARN_ABOUT_MISSING_NEWLINE = YES;
				GCC_WARN_ABOUT_RETURN_TYPE = YES;
				GCC_WARN_CHECK_SWITCH_STATEMENTS = YES;
				GCC_WARN_INITIALIZER_NOT_FULLY_BRACKETED = YES;
				GCC_WARN_MISSING_PARENTHESES = YES;
				GCC_WARN_SHADOW = YES;
				GCC_WARN_SIGN_COMPARE = YES;
				GCC_WARN_TYPECHECK_CALLS_TO_PRINTF = YES;
				GCC_WARN_UNDECLARED_SELECTOR = YES;
				GCC_WARN_UNINITIALIZED_AUTOS = YES;
				GCC_WARN_UNUSED_FUNCTION = YES;
				GCC_WARN_UNUSED_LABEL = YES;
				GCC_WARN_UNUSED_VALUE = YES;
				GCC_WARN_UNUSED_VARIABLE = YES;
				MACOSX_DEPLOYMENT_TARGET = 10.9;
				ONLY_ACTIVE_ARCH = YES;
				RUN_CLANG_STATIC_ANALYZER = YES;
				SDKROOT = macosx10.9;
				VALIDATE_PRODUCT = YES;
				VALID_ARCHS = "";
				"VALID_ARCHS[sdk=*]" = x86_64;
			};
			name = Release;
		};
		43741876170ADB2400D2BE51 /* Debug */ = {
			isa = XCBuildConfiguration;
			buildSettings = {
				CLANG_CXX_LANGUAGE_STANDARD = "gnu++0x";
				CLANG_CXX_LIBRARY = "libc++";
				CLANG_ENABLE_OBJC_ARC = YES;
				CLANG_WARN_EMPTY_BODY = YES;
				COMBINE_HIDPI_IMAGES = YES;
				DYLIB_COMPATIBILITY_VERSION = 1;
				DYLIB_CURRENT_VERSION = 1;
				FRAMEWORK_SEARCH_PATHS = (
					"$(inherited)",
					"\"$(SYSTEM_APPS_DIR)/Xcode.app/Contents/Developer/Library/Frameworks\"",
				);
				FRAMEWORK_VERSION = A;
				GCC_ENABLE_OBJC_EXCEPTIONS = YES;
				GCC_PRECOMPILE_PREFIX_HEADER = YES;
				GCC_PREFIX_HEADER = "/Users/jimmyhough/workspace/forks/evernote-sdk-mac/arc/EvernoteSDK/EvernoteSDK-Mac-Prefix.pch";
				INFOPLIST_FILE = "$(SRCROOT)/arc/EvernoteSDK/EvernoteSDK-Mac-Info.plist";
				MACOSX_DEPLOYMENT_TARGET = 10.9;
				ONLY_ACTIVE_ARCH = YES;
				PRODUCT_NAME = "$(TARGET_NAME)";
				SDKROOT = macosx;
				WRAPPER_EXTENSION = framework;
			};
			name = Debug;
		};
		43741877170ADB2400D2BE51 /* Release */ = {
			isa = XCBuildConfiguration;
			buildSettings = {
				CLANG_CXX_LANGUAGE_STANDARD = "gnu++0x";
				CLANG_CXX_LIBRARY = "libc++";
				CLANG_ENABLE_OBJC_ARC = YES;
				CLANG_WARN_EMPTY_BODY = YES;
				COMBINE_HIDPI_IMAGES = YES;
				DEBUG_INFORMATION_FORMAT = "dwarf-with-dsym";
				DYLIB_COMPATIBILITY_VERSION = 1;
				DYLIB_CURRENT_VERSION = 1;
				FRAMEWORK_SEARCH_PATHS = (
					"$(inherited)",
					"\"$(SYSTEM_APPS_DIR)/Xcode.app/Contents/Developer/Library/Frameworks\"",
				);
				FRAMEWORK_VERSION = A;
				GCC_ENABLE_OBJC_EXCEPTIONS = YES;
				GCC_PRECOMPILE_PREFIX_HEADER = YES;
				GCC_PREFIX_HEADER = "/Users/jimmyhough/workspace/forks/evernote-sdk-mac/arc/EvernoteSDK/EvernoteSDK-Mac-Prefix.pch";
				INFOPLIST_FILE = "$(SRCROOT)/arc/EvernoteSDK/EvernoteSDK-Mac-Info.plist";
				MACOSX_DEPLOYMENT_TARGET = 10.9;
				PRODUCT_NAME = "$(TARGET_NAME)";
				SDKROOT = macosx;
				WRAPPER_EXTENSION = framework;
			};
			name = Release;
		};
/* End XCBuildConfiguration section */

/* Begin XCConfigurationList section */
		0BB3D1A71524ED96001C4534 /* Build configuration list for PBXProject "EvernoteSDK" */ = {
			isa = XCConfigurationList;
			buildConfigurations = (
				0BB3D1B81524ED96001C4534 /* Debug */,
				0BB3D1B91524ED96001C4534 /* Release */,
			);
			defaultConfigurationIsVisible = 0;
			defaultConfigurationName = Release;
		};
		43741875170ADB2400D2BE51 /* Build configuration list for PBXNativeTarget "EvernoteSDK-Mac" */ = {
			isa = XCConfigurationList;
			buildConfigurations = (
				43741876170ADB2400D2BE51 /* Debug */,
				43741877170ADB2400D2BE51 /* Release */,
			);
			defaultConfigurationIsVisible = 0;
			defaultConfigurationName = Release;
		};
/* End XCConfigurationList section */
	};
	rootObject = 0BB3D1A41524ED96001C4534 /* Project object */;
}
